
Microsoft Visual Studio Solution File, Format Version 12.00
# Visual Studio 2013
VisualStudioVersion = 12.0.31101.0
MinimumVisualStudioVersion = 10.0.40219.1
Project("{FAE04EC0-301F-11D3-BF4B-00C04F79EFBC}") = "int2roman.lib", "int2roman.lib\int2roman.lib.csproj", "{345A954D-0CD1-4526-B32C-F88987B88E2A}"
EndProject
Project("{FAE04EC0-301F-11D3-BF4B-00C04F79EFBC}") = "int2roman.tests", "int2roman.tests\int2roman.tests.csproj", "{74D2B2E5-71F1-4064-8C64-E918F6B4D460}"
EndProject
Project("{FAE04EC0-301F-11D3-BF4B-00C04F79EFBC}") = "int2roman.testclient", "int2roman.testclient\int2roman.testclient.csproj", "{C07E9623-9B12-4E49-BB62-1245B67B0500}"
EndProject
Global
	GlobalSection(SolutionConfigurationPlatforms) = preSolution
		Debug|Any CPU = Debug|Any CPU
		Release|Any CPU = Release|Any CPU
	EndGlobalSection
	GlobalSection(ProjectConfigurationPlatforms) = postSolution
		{345A954D-0CD1-4526-B32C-F88987B88E2A}.Debug|Any CPU.ActiveCfg = Debug|Any CPU
		{345A954D-0CD1-4526-B32C-F88987B88E2A}.Debug|Any CPU.Build.0 = Debug|Any CPU
		{345A954D-0CD1-4526-B32C-F88987B88E2A}.Release|Any CPU.ActiveCfg = Release|Any CPU
		{345A954D-0CD1-4526-B32C-F88987B88E2A}.Release|Any CPU.Build.0 = Release|Any CPU
		{74D2B2E5-71F1-4064-8C64-E918F6B4D460}.Debug|Any CPU.ActiveCfg = Debug|Any CPU
		{74D2B2E5-71F1-4064-8C64-E918F6B4D460}.Debug|Any CPU.Build.0 = Debug|Any CPU
		{74D2B2E5-71F1-4064-8C64-E918F6B4D460}.Release|Any CPU.ActiveCfg = Release|Any CPU
		{74D2B2E5-71F1-4064-8C64-E918F6B4D460}.Release|Any CPU.Build.0 = Release|Any CPU
		{C07E9623-9B12-4E49-BB62-1245B67B0500}.Debug|Any CPU.ActiveCfg = Debug|Any CPU
		{C07E9623-9B12-4E49-BB62-1245B67B0500}.Debug|Any CPU.Build.0 = Debug|Any CPU
		{C07E9623-9B12-4E49-BB62-1245B67B0500}.Release|Any CPU.ActiveCfg = Release|Any CPU
		{C07E9623-9B12-4E49-BB62-1245B67B0500}.Release|Any CPU.Build.0 = Release|Any CPU
	EndGlobalSection
	GlobalSection(SolutionProperties) = preSolution
		HideSolutionNode = FALSE
	EndGlobalSection
EndGlobal
